
Microsoft Visual Studio Solution File, Format Version 12.00
# Visual Studio Version 17
VisualStudioVersion = 17.8.34330.188
MinimumVisualStudioVersion = 10.0.40219.1
Project("{9A19103F-16F7-4668-BE54-9A1E7A4F7556}") = "ecommerce", "ecommerce\ecommerce.csproj", "{D5D1B903-4FB3-41DA-8053-3E0737DF81E4}"
EndProject
Project("{9A19103F-16F7-4668-BE54-9A1E7A4F7556}") = "ecommerce.nunit", "ecommerce.nunit\ecommerce.nunit.csproj", "{5CBC130D-8A41-4C56-9C30-4BD0388EDC18}"
EndProject
Global
	GlobalSection(SolutionConfigurationPlatforms) = preSolution
		Debug|Any CPU = Debug|Any CPU
		Release|Any CPU = Release|Any CPU
	EndGlobalSection
	GlobalSection(ProjectConfigurationPlatforms) = postSolution
		{D5D1B903-4FB3-41DA-8053-3E0737DF81E4}.Debug|Any CPU.ActiveCfg = Debug|Any CPU
		{D5D1B903-4FB3-41DA-8053-3E0737DF81E4}.Debug|Any CPU.Build.0 = Debug|Any CPU
		{D5D1B903-4FB3-41DA-8053-3E0737DF81E4}.Release|Any CPU.ActiveCfg = Release|Any CPU
		{D5D1B903-4FB3-41DA-8053-3E0737DF81E4}.Release|Any CPU.Build.0 = Release|Any CPU
		{5CBC130D-8A41-4C56-9C30-4BD0388EDC18}.Debug|Any CPU.ActiveCfg = Debug|Any CPU
		{5CBC130D-8A41-4C56-9C30-4BD0388EDC18}.Debug|Any CPU.Build.0 = Debug|Any CPU
		{5CBC130D-8A41-4C56-9C30-4BD0388EDC18}.Release|Any CPU.ActiveCfg = Release|Any CPU
		{5CBC130D-8A41-4C56-9C30-4BD0388EDC18}.Release|Any CPU.Build.0 = Release|Any CPU
	EndGlobalSection
	GlobalSection(SolutionProperties) = preSolution
		HideSolutionNode = FALSE
	EndGlobalSection
	GlobalSection(ExtensibilityGlobals) = postSolution
		SolutionGuid = {F84CE805-2610-46FD-A79E-71D6152B8025}
	EndGlobalSection
EndGlobal
